# This file is automatically @generated by Cargo.
# It is not intended for manual editing.
version = 4

[[package]]
name = "hermeneia-cli"
version = "0.1.0"
dependencies = [
 "hermeneia-core",
 "hermeneia-ir",
 "hermeneia-store",
 "hermeneia-syntax",
]

[[package]]
name = "hermeneia-core"
version = "0.1.0"
dependencies = [
 "hermeneia-ir",
 "hermeneia-store",
 "hermeneia-syntax",
]

[[package]]
name = "hermeneia-ir"
version = "0.1.0"

[[package]]
name = "hermeneia-store"
version = "0.1.0"
dependencies = [
 "hermeneia-ir",
]

[[package]]
name = "hermeneia-syntax"
version = "0.1.0"
